# generated by rye
# use `rye lock` or `rye sync` to update this lockfile
#
# last locked with the following flags:
#   pre: false
#   features: []
#   all-features: false
#   with-sources: false
#   generate-hashes: false

-e file:.
et-xmlfile==1.1.0
    # via openpyxl
openpyxl==3.1.3
    # via tsukuba-garbage-calendar
ruff==0.4.6
    # via tsukuba-garbage-calendar
